
Microsoft Visual Studio Solution File, Format Version 12.00
# Visual Studio Version 17
VisualStudioVersion = 17.14.37516.0 d17.14
MinimumVisualStudioVersion = 10.0.40219.1
Project("{FAE04EC0-301F-11D3-BF4B-00C04F79EFBC}") = "PROYECTO DE SOFTWARE DE SOPORTE TECNICO PARA POO", "PROYECTO DE SOFTWARE DE SOPORTE TECNICO PARA POO\PROYECTO DE SOFTWARE DE SOPORTE TECNICO PARA POO.csproj", "{D1E10E1A-98A4-409A-96B8-EF9567C84A26}"
EndProject
Global
	GlobalSection(SolutionConfigurationPlatforms) = preSolution
		Debug|Any CPU = Debug|Any CPU
		Release|Any CPU = Release|Any CPU
	EndGlobalSection
	GlobalSection(ProjectConfigurationPlatforms) = postSolution
		{D1E10E1A-98A4-409A-96B8-EF9567C84A26}.Debug|Any CPU.ActiveCfg = Debug|Any CPU
		{D1E10E1A-98A4-409A-96B8-EF9567C84A26}.Debug|Any CPU.Build.0 = Debug|Any CPU
		{D1E10E1A-98A4-409A-96B8-EF9567C84A26}.Release|Any CPU.ActiveCfg = Release|Any CPU
		{D1E10E1A-98A4-409A-96B8-EF9567C84A26}.Release|Any CPU.Build.0 = Release|Any CPU
	EndGlobalSection
	GlobalSection(SolutionProperties) = preSolution
		HideSolutionNode = FALSE
	EndGlobalSection
	GlobalSection(ExtensibilityGlobals) = postSolution
		SolutionGuid = {D0F65E25-B69A-4994-886E-E3CFCC63DDA6}
	EndGlobalSection
EndGlobal
